// !$*UTF8*$!
{
	archiveVersion = 1;
	classes = {
	};
	objectVersion = 56;
	objects = {

/* Begin PBXBuildFile section */
		4036799529F13D7F00A18B8C /* AWSCloudWatch in Frameworks */ = {isa = PBXBuildFile; productRef = 4036799429F13D7F00A18B8C /* AWSCloudWatch */; };
		4036799729F13D7F00A18B8C /* AWSCore in Frameworks */ = {isa = PBXBuildFile; productRef = 4036799629F13D7F00A18B8C /* AWSCore */; };
		4036799929F13D7F00A18B8C /* AWSLogs in Frameworks */ = {isa = PBXBuildFile; productRef = 4036799829F13D7F00A18B8C /* AWSLogs */; };
		404ED45229D45A01002426E7 /* NoizeLib.framework in Frameworks */ = {isa = PBXBuildFile; fileRef = 404ED44929D45A01002426E7 /* NoizeLib.framework */; };
		404ED45729D45A01002426E7 /* NoizeLibTests.swift in Sources */ = {isa = PBXBuildFile; fileRef = 404ED45629D45A01002426E7 /* NoizeLibTests.swift */; };
		404ED45829D45A01002426E7 /* NoizeLib.h in Headers */ = {isa = PBXBuildFile; fileRef = 404ED44C29D45A01002426E7 /* NoizeLib.h */; settings = {ATTRIBUTES = (Public, ); }; };
		59EC90691E7E643E9A922D69 /* CipherState.swift in Sources */ = {isa = PBXBuildFile; fileRef = 59EC9E352B384F518FAD4D57 /* CipherState.swift */; };
		59EC920619150822923721A9 /* Data+hex.swift in Sources */ = {isa = PBXBuildFile; fileRef = 59EC926396C935A3B284E84C /* Data+hex.swift */; };
		59EC9291BF0A19A4DF5A0ACD /* SymmetryTests.swift in Sources */ = {isa = PBXBuildFile; fileRef = 59EC986DC18B9C295F68E69A /* SymmetryTests.swift */; };
		59EC94DF3D9BD81A4C6B711E /* SymmetricState.swift in Sources */ = {isa = PBXBuildFile; fileRef = 59EC9849666B512743B36469 /* SymmetricState.swift */; };
		59EC964E0B8A95F063920970 /* HandShakeTests.swift in Sources */ = {isa = PBXBuildFile; fileRef = 59EC9912240A33E0041EC5BE /* HandShakeTests.swift */; };
		59EC978A4BEE6D025425BC88 /* Transport.swift in Sources */ = {isa = PBXBuildFile; fileRef = 59EC9282E4F376699274ED5E /* Transport.swift */; };
		59EC987998233AD9B5C93D40 /* Pattern.swift in Sources */ = {isa = PBXBuildFile; fileRef = 59EC923587272C003739D870 /* Pattern.swift */; };
		59EC99AD717BE81F9761FBE8 /* Data+extension.swift in Sources */ = {isa = PBXBuildFile; fileRef = 59EC906ACB026BB25C6CB8EB /* Data+extension.swift */; };
		59EC9C070CC8CCCFBA283C98 /* HandshakeState.swift in Sources */ = {isa = PBXBuildFile; fileRef = 59EC91782422D58366436CCD /* HandshakeState.swift */; };
/* End PBXBuildFile section */

/* Begin PBXContainerItemProxy section */
		404ED45329D45A01002426E7 /* PBXContainerItemProxy */ = {
			isa = PBXContainerItemProxy;
			containerPortal = 404ED44029D45A01002426E7 /* Project object */;
			proxyType = 1;
			remoteGlobalIDString = 404ED44829D45A01002426E7;
			remoteInfo = NoizeLib;
		};
/* End PBXContainerItemProxy section */

/* Begin PBXFileReference section */
		4036796E29F08A4600A18B8C /* Info.plist */ = {isa = PBXFileReference; lastKnownFileType = text.plist; path = Info.plist; sourceTree = "<group>"; };
		404ED44929D45A01002426E7 /* NoizeLib.framework */ = {isa = PBXFileReference; explicitFileType = wrapper.framework; includeInIndex = 0; path = NoizeLib.framework; sourceTree = BUILT_PRODUCTS_DIR; };
		404ED44C29D45A01002426E7 /* NoizeLib.h */ = {isa = PBXFileReference; lastKnownFileType = sourcecode.c.h; path = NoizeLib.h; sourceTree = "<group>"; };
		404ED45129D45A01002426E7 /* NoizeLibTests.xctest */ = {isa = PBXFileReference; explicitFileType = wrapper.cfbundle; includeInIndex = 0; path = NoizeLibTests.xctest; sourceTree = BUILT_PRODUCTS_DIR; };
		404ED45629D45A01002426E7 /* NoizeLibTests.swift */ = {isa = PBXFileReference; lastKnownFileType = sourcecode.swift; path = NoizeLibTests.swift; sourceTree = "<group>"; };
		59EC906ACB026BB25C6CB8EB /* Data+extension.swift */ = {isa = PBXFileReference; fileEncoding = 4; lastKnownFileType = sourcecode.swift; path = "Data+extension.swift"; sourceTree = "<group>"; };
		59EC91782422D58366436CCD /* HandshakeState.swift */ = {isa = PBXFileReference; fileEncoding = 4; lastKnownFileType = sourcecode.swift; path = HandshakeState.swift; sourceTree = "<group>"; };
		59EC923587272C003739D870 /* Pattern.swift */ = {isa = PBXFileReference; fileEncoding = 4; lastKnownFileType = sourcecode.swift; path = Pattern.swift; sourceTree = "<group>"; };
		59EC926396C935A3B284E84C /* Data+hex.swift */ = {isa = PBXFileReference; fileEncoding = 4; lastKnownFileType = sourcecode.swift; path = "Data+hex.swift"; sourceTree = "<group>"; };
		59EC9282E4F376699274ED5E /* Transport.swift */ = {isa = PBXFileReference; fileEncoding = 4; lastKnownFileType = sourcecode.swift; path = Transport.swift; sourceTree = "<group>"; };
		59EC9849666B512743B36469 /* SymmetricState.swift */ = {isa = PBXFileReference; fileEncoding = 4; lastKnownFileType = sourcecode.swift; path = SymmetricState.swift; sourceTree = "<group>"; };
		59EC986DC18B9C295F68E69A /* SymmetryTests.swift */ = {isa = PBXFileReference; fileEncoding = 4; lastKnownFileType = sourcecode.swift; path = SymmetryTests.swift; sourceTree = "<group>"; };
		59EC9912240A33E0041EC5BE /* HandShakeTests.swift */ = {isa = PBXFileReference; fileEncoding = 4; lastKnownFileType = sourcecode.swift; path = HandShakeTests.swift; sourceTree = "<group>"; };
		59EC9E352B384F518FAD4D57 /* CipherState.swift */ = {isa = PBXFileReference; fileEncoding = 4; lastKnownFileType = sourcecode.swift; path = CipherState.swift; sourceTree = "<group>"; };
/* End PBXFileReference section */

/* Begin PBXFrameworksBuildPhase section */
		404ED44629D45A01002426E7 /* Frameworks */ = {
			isa = PBXFrameworksBuildPhase;
			buildActionMask = 2147483647;
			files = (
				4036799929F13D7F00A18B8C /* AWSLogs in Frameworks */,
				4036799529F13D7F00A18B8C /* AWSCloudWatch in Frameworks */,
				4036799729F13D7F00A18B8C /* AWSCore in Frameworks */,
			);
			runOnlyForDeploymentPostprocessing = 0;
		};
		404ED44E29D45A01002426E7 /* Frameworks */ = {
			isa = PBXFrameworksBuildPhase;
			buildActionMask = 2147483647;
			files = (
				404ED45229D45A01002426E7 /* NoizeLib.framework in Frameworks */,
			);
			runOnlyForDeploymentPostprocessing = 0;
		};
/* End PBXFrameworksBuildPhase section */

/* Begin PBXGroup section */
		404ED43F29D45A01002426E7 = {
			isa = PBXGroup;
			children = (
				404ED44B29D45A01002426E7 /* NoizeLib */,
				404ED45529D45A01002426E7 /* NoizeLibTests */,
				404ED44A29D45A01002426E7 /* Products */,
			);
			sourceTree = "<group>";
		};
		404ED44A29D45A01002426E7 /* Products */ = {
			isa = PBXGroup;
			children = (
				404ED44929D45A01002426E7 /* NoizeLib.framework */,
				404ED45129D45A01002426E7 /* NoizeLibTests.xctest */,
			);
			name = Products;
			sourceTree = "<group>";
		};
		404ED44B29D45A01002426E7 /* NoizeLib */ = {
			isa = PBXGroup;
			children = (
				4036796E29F08A4600A18B8C /* Info.plist */,
				404ED44C29D45A01002426E7 /* NoizeLib.h */,
				59EC9E352B384F518FAD4D57 /* CipherState.swift */,
				59EC906ACB026BB25C6CB8EB /* Data+extension.swift */,
				59EC926396C935A3B284E84C /* Data+hex.swift */,
				59EC9849666B512743B36469 /* SymmetricState.swift */,
				59EC923587272C003739D870 /* Pattern.swift */,
				59EC91782422D58366436CCD /* HandshakeState.swift */,
				59EC9282E4F376699274ED5E /* Transport.swift */,
			);
			path = NoizeLib;
			sourceTree = "<group>";
		};
		404ED45529D45A01002426E7 /* NoizeLibTests */ = {
			isa = PBXGroup;
			children = (
				404ED45629D45A01002426E7 /* NoizeLibTests.swift */,
				59EC986DC18B9C295F68E69A /* SymmetryTests.swift */,
				59EC9912240A33E0041EC5BE /* HandShakeTests.swift */,
			);
			path = NoizeLibTests;
			sourceTree = "<group>";
		};
/* End PBXGroup section */

/* Begin PBXHeadersBuildPhase section */
		404ED44429D45A01002426E7 /* Headers */ = {
			isa = PBXHeadersBuildPhase;
			buildActionMask = 2147483647;
			files = (
				404ED45829D45A01002426E7 /* NoizeLib.h in Headers */,
			);
			runOnlyForDeploymentPostprocessing = 0;
		};
/* End PBXHeadersBuildPhase section */

/* Begin PBXNativeTarget section */
		404ED44829D45A01002426E7 /* NoizeLib */ = {
			isa = PBXNativeTarget;
			buildConfigurationList = 404ED45B29D45A01002426E7 /* Build configuration list for PBXNativeTarget "NoizeLib" */;
			buildPhases = (
				404ED44429D45A01002426E7 /* Headers */,
				404ED44529D45A01002426E7 /* Sources */,
				404ED44629D45A01002426E7 /* Frameworks */,
				404ED44729D45A01002426E7 /* Resources */,
			);
			buildRules = (
			);
			dependencies = (
			);
			name = NoizeLib;
			packageProductDependencies = (
				4036799429F13D7F00A18B8C /* AWSCloudWatch */,
				4036799629F13D7F00A18B8C /* AWSCore */,
				4036799829F13D7F00A18B8C /* AWSLogs */,
			);
			productName = NoizeLib;
			productReference = 404ED44929D45A01002426E7 /* NoizeLib.framework */;
			productType = "com.apple.product-type.framework";
		};
		404ED45029D45A01002426E7 /* NoizeLibTests */ = {
			isa = PBXNativeTarget;
			buildConfigurationList = 404ED45E29D45A01002426E7 /* Build configuration list for PBXNativeTarget "NoizeLibTests" */;
			buildPhases = (
				404ED44D29D45A01002426E7 /* Sources */,
				404ED44E29D45A01002426E7 /* Frameworks */,
				404ED44F29D45A01002426E7 /* Resources */,
			);
			buildRules = (
			);
			dependencies = (
				404ED45429D45A01002426E7 /* PBXTargetDependency */,
			);
			name = NoizeLibTests;
			productName = NoizeLibTests;
			productReference = 404ED45129D45A01002426E7 /* NoizeLibTests.xctest */;
			productType = "com.apple.product-type.bundle.unit-test";
		};
/* End PBXNativeTarget section */

/* Begin PBXProject section */
		404ED44029D45A01002426E7 /* Project object */ = {
			isa = PBXProject;
			attributes = {
				BuildIndependentTargetsInParallel = 1;
				LastSwiftUpdateCheck = 1410;
				LastUpgradeCheck = 1410;
				TargetAttributes = {
					404ED44829D45A01002426E7 = {
						CreatedOnToolsVersion = 14.1;
					};
					404ED45029D45A01002426E7 = {
						CreatedOnToolsVersion = 14.1;
					};
				};
			};
			buildConfigurationList = 404ED44329D45A01002426E7 /* Build configuration list for PBXProject "NoizeLib" */;
			compatibilityVersion = "Xcode 14.0";
			developmentRegion = en;
			hasScannedForEncodings = 0;
			knownRegions = (
				en,
				Base,
			);
			mainGroup = 404ED43F29D45A01002426E7;
			packageReferences = (
				4036799329F13D7F00A18B8C /* XCRemoteSwiftPackageReference "aws-sdk-ios-spm" */,
			);
			productRefGroup = 404ED44A29D45A01002426E7 /* Products */;
			projectDirPath = "";
			projectRoot = "";
			targets = (
				404ED44829D45A01002426E7 /* NoizeLib */,
				404ED45029D45A01002426E7 /* NoizeLibTests */,
			);
		};
/* End PBXProject section */

/* Begin PBXResourcesBuildPhase section */
		404ED44729D45A01002426E7 /* Resources */ = {
			isa = PBXResourcesBuildPhase;
			buildActionMask = 2147483647;
			files = (
			);
			runOnlyForDeploymentPostprocessing = 0;
		};
		404ED44F29D45A01002426E7 /* Resources */ = {
			isa = PBXResourcesBuildPhase;
			buildActionMask = 2147483647;
			files = (
			);
			runOnlyForDeploymentPostprocessing = 0;
		};
/* End PBXResourcesBuildPhase section */

/* Begin PBXSourcesBuildPhase section */
		404ED44529D45A01002426E7 /* Sources */ = {
			isa = PBXSourcesBuildPhase;
			buildActionMask = 2147483647;
			files = (
				59EC90691E7E643E9A922D69 /* CipherState.swift in Sources */,
				59EC99AD717BE81F9761FBE8 /* Data+extension.swift in Sources */,
				59EC920619150822923721A9 /* Data+hex.swift in Sources */,
				59EC94DF3D9BD81A4C6B711E /* SymmetricState.swift in Sources */,
				59EC987998233AD9B5C93D40 /* Pattern.swift in Sources */,
				59EC9C070CC8CCCFBA283C98 /* HandshakeState.swift in Sources */,
				59EC978A4BEE6D025425BC88 /* Transport.swift in Sources */,
			);
			runOnlyForDeploymentPostprocessing = 0;
		};
		404ED44D29D45A01002426E7 /* Sources */ = {
			isa = PBXSourcesBuildPhase;
			buildActionMask = 2147483647;
			files = (
				404ED45729D45A01002426E7 /* NoizeLibTests.swift in Sources */,
				59EC9291BF0A19A4DF5A0ACD /* SymmetryTests.swift in Sources */,
				59EC964E0B8A95F063920970 /* HandShakeTests.swift in Sources */,
			);
			runOnlyForDeploymentPostprocessing = 0;
		};
/* End PBXSourcesBuildPhase section */

/* Begin PBXTargetDependency section */
		404ED45429D45A01002426E7 /* PBXTargetDependency */ = {
			isa = PBXTargetDependency;
			target = 404ED44829D45A01002426E7 /* NoizeLib */;
			targetProxy = 404ED45329D45A01002426E7 /* PBXContainerItemProxy */;
		};
/* End PBXTargetDependency section */

/* Begin XCBuildConfiguration section */
		404ED45929D45A01002426E7 /* Debug */ = {
			isa = XCBuildConfiguration;
			buildSettings = {
				ALWAYS_SEARCH_USER_PATHS = NO;
				CLANG_ANALYZER_NONNULL = YES;
				CLANG_ANALYZER_NUMBER_OBJECT_CONVERSION = YES_AGGRESSIVE;
				CLANG_CXX_LANGUAGE_STANDARD = "gnu++20";
				CLANG_ENABLE_MODULES = YES;
				CLANG_ENABLE_OBJC_ARC = YES;
				CLANG_ENABLE_OBJC_WEAK = YES;
				CLANG_WARN_BLOCK_CAPTURE_AUTORELEASING = YES;
				CLANG_WARN_BOOL_CONVERSION = YES;
				CLANG_WARN_COMMA = YES;
				CLANG_WARN_CONSTANT_CONVERSION = YES;
				CLANG_WARN_DEPRECATED_OBJC_IMPLEMENTATIONS = YES;
				CLANG_WARN_DIRECT_OBJC_ISA_USAGE = YES_ERROR;
				CLANG_WARN_DOCUMENTATION_COMMENTS = YES;
				CLANG_WARN_EMPTY_BODY = YES;
				CLANG_WARN_ENUM_CONVERSION = YES;
				CLANG_WARN_INFINITE_RECURSION = YES;
				CLANG_WARN_INT_CONVERSION = YES;
				CLANG_WARN_NON_LITERAL_NULL_CONVERSION = YES;
				CLANG_WARN_OBJC_IMPLICIT_RETAIN_SELF = YES;
				CLANG_WARN_OBJC_LITERAL_CONVERSION = YES;
				CLANG_WARN_OBJC_ROOT_CLASS = YES_ERROR;
				CLANG_WARN_QUOTED_INCLUDE_IN_FRAMEWORK_HEADER = YES;
				CLANG_WARN_RANGE_LOOP_ANALYSIS = YES;
				CLANG_WARN_STRICT_PROTOTYPES = YES;
				CLANG_WARN_SUSPICIOUS_MOVE = YES;
				CLANG_WARN_UNGUARDED_AVAILABILITY = YES_AGGRESSIVE;
				CLANG_WARN_UNREACHABLE_CODE = YES;
				CLANG_WARN__DUPLICATE_METHOD_MATCH = YES;
				COPY_PHASE_STRIP = NO;
				CURRENT_PROJECT_VERSION = 1;
				DEBUG_INFORMATION_FORMAT = dwarf;
				ENABLE_STRICT_OBJC_MSGSEND = YES;
				ENABLE_TESTABILITY = YES;
				GCC_C_LANGUAGE_STANDARD = gnu11;
				GCC_DYNAMIC_NO_PIC = NO;
				GCC_NO_COMMON_BLOCKS = YES;
				GCC_OPTIMIZATION_LEVEL = 0;
				GCC_PREPROCESSOR_DEFINITIONS = (
					"DEBUG=1",
					"$(inherited)",
				);
				GCC_WARN_64_TO_32_BIT_CONVERSION = YES;
				GCC_WARN_ABOUT_RETURN_TYPE = YES_ERROR;
				GCC_WARN_UNDECLARED_SELECTOR = YES;
				GCC_WARN_UNINITIALIZED_AUTOS = YES_AGGRESSIVE;
				GCC_WARN_UNUSED_FUNCTION = YES;
				GCC_WARN_UNUSED_VARIABLE = YES;
				MTL_ENABLE_DEBUG_INFO = INCLUDE_SOURCE;
				MTL_FAST_MATH = YES;
				ONLY_ACTIVE_ARCH = YES;
				SWIFT_ACTIVE_COMPILATION_CONDITIONS = DEBUG;
				SWIFT_OPTIMIZATION_LEVEL = "-Onone";
				VERSIONING_SYSTEM = "apple-generic";
				VERSION_INFO_PREFIX = "";
			};
			name = Debug;
		};
		404ED45A29D45A01002426E7 /* Release */ = {
			isa = XCBuildConfiguration;
			buildSettings = {
				ALWAYS_SEARCH_USER_PATHS = NO;
				CLANG_ANALYZER_NONNULL = YES;
				CLANG_ANALYZER_NUMBER_OBJECT_CONVERSION = YES_AGGRESSIVE;
				CLANG_CXX_LANGUAGE_STANDARD = "gnu++20";
				CLANG_ENABLE_MODULES = YES;
				CLANG_ENABLE_OBJC_ARC = YES;
				CLANG_ENABLE_OBJC_WEAK = YES;
				CLANG_WARN_BLOCK_CAPTURE_AUTORELEASING = YES;
				CLANG_WARN_BOOL_CONVERSION = YES;
				CLANG_WARN_COMMA = YES;
				CLANG_WARN_CONSTANT_CONVERSION = YES;
				CLANG_WARN_DEPRECATED_OBJC_IMPLEMENTATIONS = YES;
				CLANG_WARN_DIRECT_OBJC_ISA_USAGE = YES_ERROR;
				CLANG_WARN_DOCUMENTATION_COMMENTS = YES;
				CLANG_WARN_EMPTY_BODY = YES;
				CLANG_WARN_ENUM_CONVERSION = YES;
				CLANG_WARN_INFINITE_RECURSION = YES;
				CLANG_WARN_INT_CONVERSION = YES;
				CLANG_WARN_NON_LITERAL_NULL_CONVERSION = YES;
				CLANG_WARN_OBJC_IMPLICIT_RETAIN_SELF = YES;
				CLANG_WARN_OBJC_LITERAL_CONVERSION = YES;
				CLANG_WARN_OBJC_ROOT_CLASS = YES_ERROR;
				CLANG_WARN_QUOTED_INCLUDE_IN_FRAMEWORK_HEADER = YES;
				CLANG_WARN_RANGE_LOOP_ANALYSIS = YES;
				CLANG_WARN_STRICT_PROTOTYPES = YES;
				CLANG_WARN_SUSPICIOUS_MOVE = YES;
				CLANG_WARN_UNGUARDED_AVAILABILITY = YES_AGGRESSIVE;
				CLANG_WARN_UNREACHABLE_CODE = YES;
				CLANG_WARN__DUPLICATE_METHOD_MATCH = YES;
				COPY_PHASE_STRIP = NO;
				CURRENT_PROJECT_VERSION = 1;
				DEBUG_INFORMATION_FORMAT = "dwarf-with-dsym";
				ENABLE_NS_ASSERTIONS = NO;
				ENABLE_STRICT_OBJC_MSGSEND = YES;
				GCC_C_LANGUAGE_STANDARD = gnu11;
				GCC_NO_COMMON_BLOCKS = YES;
				GCC_WARN_64_TO_32_BIT_CONVERSION = YES;
				GCC_WARN_ABOUT_RETURN_TYPE = YES_ERROR;
				GCC_WARN_UNDECLARED_SELECTOR = YES;
				GCC_WARN_UNINITIALIZED_AUTOS = YES_AGGRESSIVE;
				GCC_WARN_UNUSED_FUNCTION = YES;
				GCC_WARN_UNUSED_VARIABLE = YES;
				MTL_ENABLE_DEBUG_INFO = NO;
				MTL_FAST_MATH = YES;
				SWIFT_COMPILATION_MODE = wholemodule;
				SWIFT_OPTIMIZATION_LEVEL = "-O";
				VERSIONING_SYSTEM = "apple-generic";
				VERSION_INFO_PREFIX = "";
			};
			name = Release;
		};
		404ED45C29D45A01002426E7 /* Debug */ = {
			isa = XCBuildConfiguration;
			buildSettings = {
				ARCHS = arm64;
				BUILD_LIBRARY_FOR_DISTRIBUTION = YES;
				CLANG_ENABLE_CODE_COVERAGE = NO;
				CODE_SIGN_STYLE = Automatic;
				CURRENT_PROJECT_VERSION = 1;
				DEFINES_MODULE = YES;
				DEVELOPMENT_TEAM = L2BR74337K;
				DYLIB_COMPATIBILITY_VERSION = 1;
				DYLIB_CURRENT_VERSION = 1;
				DYLIB_INSTALL_NAME_BASE = "@rpath";
				ENABLE_BITCODE = YES;
				GENERATE_INFOPLIST_FILE = YES;
				INFOPLIST_FILE = NoizeLib/Info.plist;
				INFOPLIST_KEY_NSHumanReadableCopyright = "";
				INSTALL_PATH = "$(LOCAL_LIBRARY_DIR)/Frameworks";
				IPHONEOS_DEPLOYMENT_TARGET = 14.0;
				LD_RUNPATH_SEARCH_PATHS = (
					"@executable_path/Frameworks",
					"@loader_path/Frameworks",
				);
				"LD_RUNPATH_SEARCH_PATHS[sdk=macosx*]" = (
					"@executable_path/../Frameworks",
					"@loader_path/Frameworks",
				);
				MACOSX_DEPLOYMENT_TARGET = 13.0;
				MARKETING_VERSION = 1.0;
				PRODUCT_BUNDLE_IDENTIFIER = nl.vidua.NoizeLib;
				PRODUCT_NAME = "$(TARGET_NAME:c99extidentifier)";
				SDKROOT = iphoneos;
				SKIP_INSTALL = NO;
				SUPPORTED_PLATFORMS = "iphoneos iphonesimulator";
				SUPPORTS_MACCATALYST = NO;
				SUPPORTS_MAC_DESIGNED_FOR_IPHONE_IPAD = NO;
				SWIFT_EMIT_LOC_STRINGS = YES;
				SWIFT_VERSION = 5.0;
				TARGETED_DEVICE_FAMILY = "1,2";
			};
			name = Debug;
		};
		404ED45D29D45A01002426E7 /* Release */ = {
			isa = XCBuildConfiguration;
			buildSettings = {
				ARCHS = arm64;
				BUILD_LIBRARY_FOR_DISTRIBUTION = YES;
				CLANG_ENABLE_CODE_COVERAGE = NO;
				CODE_SIGN_STYLE = Automatic;
				CURRENT_PROJECT_VERSION = 1;
				DEFINES_MODULE = YES;
				DEVELOPMENT_TEAM = L2BR74337K;
				DYLIB_COMPATIBILITY_VERSION = 1;
				DYLIB_CURRENT_VERSION = 1;
				DYLIB_INSTALL_NAME_BASE = "@rpath";
				ENABLE_BITCODE = YES;
				GCC_OPTIMIZATION_LEVEL = 2;
				GENERATE_INFOPLIST_FILE = YES;
				INFOPLIST_FILE = NoizeLib/Info.plist;
				INFOPLIST_KEY_NSHumanReadableCopyright = "";
				INSTALL_PATH = "$(LOCAL_LIBRARY_DIR)/Frameworks";
				IPHONEOS_DEPLOYMENT_TARGET = 14.0;
				LD_RUNPATH_SEARCH_PATHS = (
					"@executable_path/Frameworks",
					"@loader_path/Frameworks",
				);
				"LD_RUNPATH_SEARCH_PATHS[sdk=macosx*]" = (
					"@executable_path/../Frameworks",
					"@loader_path/Frameworks",
				);
				MACOSX_DEPLOYMENT_TARGET = 13.0;
				MARKETING_VERSION = 1.0;
				PRODUCT_BUNDLE_IDENTIFIER = nl.vidua.NoizeLib;
				PRODUCT_NAME = "$(TARGET_NAME:c99extidentifier)";
				SDKROOT = iphoneos;
				SKIP_INSTALL = NO;
				SUPPORTED_PLATFORMS = "iphoneos iphonesimulator";
				SUPPORTS_MACCATALYST = NO;
				SUPPORTS_MAC_DESIGNED_FOR_IPHONE_IPAD = NO;
				SWIFT_EMIT_LOC_STRINGS = YES;
				SWIFT_VERSION = 5.0;
				TARGETED_DEVICE_FAMILY = "1,2";
			};
			name = Release;
		};
		404ED45F29D45A01002426E7 /* Debug */ = {
			isa = XCBuildConfiguration;
			buildSettings = {
				CODE_SIGN_STYLE = Automatic;
				CURRENT_PROJECT_VERSION = 1;
				DEVELOPMENT_TEAM = L2BR74337K;
				GENERATE_INFOPLIST_FILE = YES;
				IPHONEOS_DEPLOYMENT_TARGET = 16.1;
				MACOSX_DEPLOYMENT_TARGET = 13.0;
				MARKETING_VERSION = 1.0;
				PRODUCT_BUNDLE_IDENTIFIER = nl.vidua.NoizeLibTests;
				PRODUCT_NAME = "$(TARGET_NAME)";
				SDKROOT = iphoneos;
				SUPPORTED_PLATFORMS = "iphonesimulator iphoneos";
				SWIFT_EMIT_LOC_STRINGS = NO;
				SWIFT_VERSION = 5.0;
				TARGETED_DEVICE_FAMILY = "1,2";
			};
			name = Debug;
		};
		404ED46029D45A01002426E7 /* Release */ = {
			isa = XCBuildConfiguration;
			buildSettings = {
				ARCHS = arm64;
				CODE_SIGN_STYLE = Automatic;
				CURRENT_PROJECT_VERSION = 1;
				DEVELOPMENT_TEAM = L2BR74337K;
				GENERATE_INFOPLIST_FILE = YES;
				IPHONEOS_DEPLOYMENT_TARGET = 16.1;
				MACOSX_DEPLOYMENT_TARGET = 13.0;
				MARKETING_VERSION = 1.0;
				PRODUCT_BUNDLE_IDENTIFIER = nl.vidua.NoizeLibTests;
				PRODUCT_NAME = "$(TARGET_NAME)";
				SDKROOT = iphoneos;
				SUPPORTED_PLATFORMS = "iphonesimulator iphoneos";
				SWIFT_EMIT_LOC_STRINGS = NO;
				SWIFT_VERSION = 5.0;
				TARGETED_DEVICE_FAMILY = "1,2";
			};
			name = Release;
		};
/* End XCBuildConfiguration section */

/* Begin XCConfigurationList section */
		404ED44329D45A01002426E7 /* Build configuration list for PBXProject "NoizeLib" */ = {
			isa = XCConfigurationList;
			buildConfigurations = (
				404ED45929D45A01002426E7 /* Debug */,
				404ED45A29D45A01002426E7 /* Release */,
			);
			defaultConfigurationIsVisible = 0;
			defaultConfigurationName = Release;
		};
		404ED45B29D45A01002426E7 /* Build configuration list for PBXNativeTarget "NoizeLib" */ = {
			isa = XCConfigurationList;
			buildConfigurations = (
				404ED45C29D45A01002426E7 /* Debug */,
				404ED45D29D45A01002426E7 /* Release */,
			);
			defaultConfigurationIsVisible = 0;
			defaultConfigurationName = Release;
		};
		404ED45E29D45A01002426E7 /* Build configuration list for PBXNativeTarget "NoizeLibTests" */ = {
			isa = XCConfigurationList;
			buildConfigurations = (
				404ED45F29D45A01002426E7 /* Debug */,
				404ED46029D45A01002426E7 /* Release */,
			);
			defaultConfigurationIsVisible = 0;
			defaultConfigurationName = Release;
		};
/* End XCConfigurationList section */

/* Begin XCRemoteSwiftPackageReference section */
		4036799329F13D7F00A18B8C /* XCRemoteSwiftPackageReference "aws-sdk-ios-spm" */ = {
			isa = XCRemoteSwiftPackageReference;
			repositoryURL = "https://github.com/aws-amplify/aws-sdk-ios-spm";
			requirement = {
				branch = main;
				kind = branch;
			};
		};
/* End XCRemoteSwiftPackageReference section */

/* Begin XCSwiftPackageProductDependency section */
		4036799429F13D7F00A18B8C /* AWSCloudWatch */ = {
			isa = XCSwiftPackageProductDependency;
			package = 4036799329F13D7F00A18B8C /* XCRemoteSwiftPackageReference "aws-sdk-ios-spm" */;
			productName = AWSCloudWatch;
		};
		4036799629F13D7F00A18B8C /* AWSCore */ = {
			isa = XCSwiftPackageProductDependency;
			package = 4036799329F13D7F00A18B8C /* XCRemoteSwiftPackageReference "aws-sdk-ios-spm" */;
			productName = AWSCore;
		};
		4036799829F13D7F00A18B8C /* AWSLogs */ = {
			isa = XCSwiftPackageProductDependency;
			package = 4036799329F13D7F00A18B8C /* XCRemoteSwiftPackageReference "aws-sdk-ios-spm" */;
			productName = AWSLogs;
		};
/* End XCSwiftPackageProductDependency section */
	};
	rootObject = 404ED44029D45A01002426E7 /* Project object */;
}
